
Microsoft Visual Studio Solution File, Format Version 12.00
# Visual Studio Version 17
VisualStudioVersion = 17.7.34031.279
MinimumVisualStudioVersion = 10.0.40219.1
Project("{FAE04EC0-301F-11D3-BF4B-00C04F79EFBC}") = "ConsoleApp3", "ConsoleApp3.csproj", "{BF7A2F21-FE38-40A6-9868-8C06510281DD}"
EndProject
Global
	GlobalSection(SolutionConfigurationPlatforms) = preSolution
		Debug|Any CPU = Debug|Any CPU
		Release|Any CPU = Release|Any CPU
	EndGlobalSection
	GlobalSection(ProjectConfigurationPlatforms) = postSolution
		{BF7A2F21-FE38-40A6-9868-8C06510281DD}.Debug|Any CPU.ActiveCfg = Debug|Any CPU
		{BF7A2F21-FE38-40A6-9868-8C06510281DD}.Debug|Any CPU.Build.0 = Debug|Any CPU
		{BF7A2F21-FE38-40A6-9868-8C06510281DD}.Release|Any CPU.ActiveCfg = Release|Any CPU
		{BF7A2F21-FE38-40A6-9868-8C06510281DD}.Release|Any CPU.Build.0 = Release|Any CPU
	EndGlobalSection
	GlobalSection(SolutionProperties) = preSolution
		HideSolutionNode = FALSE
	EndGlobalSection
	GlobalSection(ExtensibilityGlobals) = postSolution
		SolutionGuid = {5A4D6E54-A4D7-4955-9090-06026C970AE9}
	EndGlobalSection
EndGlobal
